
Microsoft Visual Studio Solution File, Format Version 12.00
# Visual Studio Version 17
VisualStudioVersion = 17.5.002.0
MinimumVisualStudioVersion = 10.0.40219.1
Project("{9A19103F-16F7-4668-BE54-9A1E7A4F7556}") = "ISTA.Portal.Application", "ISTA.Portal.Application\ISTA.Portal.Application.csproj", "{703F5488-715C-4FE3-A96A-127957C80442}"
EndProject
Project("{9A19103F-16F7-4668-BE54-9A1E7A4F7556}") = "ISTA.Portal.API", "ISTA.Portal.API\ISTA.Portal.API.csproj", "{D4F20E70-0E6A-45D4-936B-93B6CDF56070}"
EndProject
Global
	GlobalSection(SolutionConfigurationPlatforms) = preSolution
		Debug|Any CPU = Debug|Any CPU
		Release|Any CPU = Release|Any CPU
	EndGlobalSection
	GlobalSection(ProjectConfigurationPlatforms) = postSolution
		{703F5488-715C-4FE3-A96A-127957C80442}.Debug|Any CPU.ActiveCfg = Debug|Any CPU
		{703F5488-715C-4FE3-A96A-127957C80442}.Debug|Any CPU.Build.0 = Debug|Any CPU
		{703F5488-715C-4FE3-A96A-127957C80442}.Release|Any CPU.ActiveCfg = Release|Any CPU
		{703F5488-715C-4FE3-A96A-127957C80442}.Release|Any CPU.Build.0 = Release|Any CPU
		{D4F20E70-0E6A-45D4-936B-93B6CDF56070}.Debug|Any CPU.ActiveCfg = Debug|Any CPU
		{D4F20E70-0E6A-45D4-936B-93B6CDF56070}.Debug|Any CPU.Build.0 = Debug|Any CPU
		{D4F20E70-0E6A-45D4-936B-93B6CDF56070}.Release|Any CPU.ActiveCfg = Release|Any CPU
		{D4F20E70-0E6A-45D4-936B-93B6CDF56070}.Release|Any CPU.Build.0 = Release|Any CPU
	EndGlobalSection
	GlobalSection(SolutionProperties) = preSolution
		HideSolutionNode = FALSE
	EndGlobalSection
	GlobalSection(ExtensibilityGlobals) = postSolution
		SolutionGuid = {727FF235-BEB8-49C7-9004-2AD688DCEFF4}
	EndGlobalSection
EndGlobal
